
Microsoft Visual Studio Solution File, Format Version 12.00
# Visual Studio Version 17
VisualStudioVersion = 17.6.33723.286
MinimumVisualStudioVersion = 10.0.40219.1
Project("{FAE04EC0-301F-11D3-BF4B-00C04F79EFBC}") = "StudentAPI", "StudentAPI\StudentAPI.csproj", "{A07498B4-C1A5-4906-9BD7-13C4FDD7C7ED}"
EndProject
Project("{FAE04EC0-301F-11D3-BF4B-00C04F79EFBC}") = "GradeAPI", "GradeAPI\GradeAPI.csproj", "{3DAF4D27-1857-4934-81DC-59F14B1E88AD}"
EndProject
Project("{FAE04EC0-301F-11D3-BF4B-00C04F79EFBC}") = "Homework", "Homework\Homework.csproj", "{E9327CF6-C837-474C-914F-99269D26EF78}"
EndProject
Project("{FAE04EC0-301F-11D3-BF4B-00C04F79EFBC}") = "Domain", "Domain\Domain.csproj", "{FDBA22E4-624D-4D97-AB62-6D0376E1E2AF}"
EndProject
Project("{FAE04EC0-301F-11D3-BF4B-00C04F79EFBC}") = "Application", "Application\Application.csproj", "{3DC81135-CB82-49ED-B698-8DB5798B2534}"
EndProject
Project("{FAE04EC0-301F-11D3-BF4B-00C04F79EFBC}") = "Infrastructure", "Infrastructure\Infrastructure.csproj", "{05880212-5539-4780-B72D-DED1C13A7918}"
EndProject
Project("{FAE04EC0-301F-11D3-BF4B-00C04F79EFBC}") = "Monitoring.UI", "Monitoring.UI\Monitoring.UI.csproj", "{AA3332DF-9F44-4A14-B0B0-8CAF29BD7199}"
EndProject
Global
	GlobalSection(SolutionConfigurationPlatforms) = preSolution
		Debug|Any CPU = Debug|Any CPU
		Release|Any CPU = Release|Any CPU
	EndGlobalSection
	GlobalSection(ProjectConfigurationPlatforms) = postSolution
		{A07498B4-C1A5-4906-9BD7-13C4FDD7C7ED}.Debug|Any CPU.ActiveCfg = Debug|Any CPU
		{A07498B4-C1A5-4906-9BD7-13C4FDD7C7ED}.Debug|Any CPU.Build.0 = Debug|Any CPU
		{A07498B4-C1A5-4906-9BD7-13C4FDD7C7ED}.Release|Any CPU.ActiveCfg = Release|Any CPU
		{A07498B4-C1A5-4906-9BD7-13C4FDD7C7ED}.Release|Any CPU.Build.0 = Release|Any CPU
		{3DAF4D27-1857-4934-81DC-59F14B1E88AD}.Debug|Any CPU.ActiveCfg = Debug|Any CPU
		{3DAF4D27-1857-4934-81DC-59F14B1E88AD}.Debug|Any CPU.Build.0 = Debug|Any CPU
		{3DAF4D27-1857-4934-81DC-59F14B1E88AD}.Release|Any CPU.ActiveCfg = Release|Any CPU
		{3DAF4D27-1857-4934-81DC-59F14B1E88AD}.Release|Any CPU.Build.0 = Release|Any CPU
		{E9327CF6-C837-474C-914F-99269D26EF78}.Debug|Any CPU.ActiveCfg = Debug|Any CPU
		{E9327CF6-C837-474C-914F-99269D26EF78}.Debug|Any CPU.Build.0 = Debug|Any CPU
		{E9327CF6-C837-474C-914F-99269D26EF78}.Release|Any CPU.ActiveCfg = Release|Any CPU
		{E9327CF6-C837-474C-914F-99269D26EF78}.Release|Any CPU.Build.0 = Release|Any CPU
		{FDBA22E4-624D-4D97-AB62-6D0376E1E2AF}.Debug|Any CPU.ActiveCfg = Debug|Any CPU
		{FDBA22E4-624D-4D97-AB62-6D0376E1E2AF}.Debug|Any CPU.Build.0 = Debug|Any CPU
		{FDBA22E4-624D-4D97-AB62-6D0376E1E2AF}.Release|Any CPU.ActiveCfg = Release|Any CPU
		{FDBA22E4-624D-4D97-AB62-6D0376E1E2AF}.Release|Any CPU.Build.0 = Release|Any CPU
		{3DC81135-CB82-49ED-B698-8DB5798B2534}.Debug|Any CPU.ActiveCfg = Debug|Any CPU
		{3DC81135-CB82-49ED-B698-8DB5798B2534}.Debug|Any CPU.Build.0 = Debug|Any CPU
		{3DC81135-CB82-49ED-B698-8DB5798B2534}.Release|Any CPU.ActiveCfg = Release|Any CPU
		{3DC81135-CB82-49ED-B698-8DB5798B2534}.Release|Any CPU.Build.0 = Release|Any CPU
		{05880212-5539-4780-B72D-DED1C13A7918}.Debug|Any CPU.ActiveCfg = Debug|Any CPU
		{05880212-5539-4780-B72D-DED1C13A7918}.Debug|Any CPU.Build.0 = Debug|Any CPU
		{05880212-5539-4780-B72D-DED1C13A7918}.Release|Any CPU.ActiveCfg = Release|Any CPU
		{05880212-5539-4780-B72D-DED1C13A7918}.Release|Any CPU.Build.0 = Release|Any CPU
		{AA3332DF-9F44-4A14-B0B0-8CAF29BD7199}.Debug|Any CPU.ActiveCfg = Debug|Any CPU
		{AA3332DF-9F44-4A14-B0B0-8CAF29BD7199}.Debug|Any CPU.Build.0 = Debug|Any CPU
		{AA3332DF-9F44-4A14-B0B0-8CAF29BD7199}.Release|Any CPU.ActiveCfg = Release|Any CPU
		{AA3332DF-9F44-4A14-B0B0-8CAF29BD7199}.Release|Any CPU.Build.0 = Release|Any CPU
	EndGlobalSection
	GlobalSection(SolutionProperties) = preSolution
		HideSolutionNode = FALSE
	EndGlobalSection
	GlobalSection(ExtensibilityGlobals) = postSolution
		SolutionGuid = {27A00929-3C70-4C1C-9C83-DDDCFCEE90EA}
	EndGlobalSection
EndGlobal
